
Microsoft Visual Studio Solution File, Format Version 12.00
# Visual Studio 15
VisualStudioVersion = 15.0.28307.168
MinimumVisualStudioVersion = 10.0.40219.1
Project("{9A19103F-16F7-4668-BE54-9A1E7A4F7556}") = "Boyner.ConfigurationManagementAPI", "Boyner.ConfigurationManagementAPI\Boyner.ConfigurationManagementAPI.csproj", "{F7B2BC0F-BDE3-43E1-B89A-E91EC5C70E01}"
EndProject
Project("{9A19103F-16F7-4668-BE54-9A1E7A4F7556}") = "Boyner.Core", "Boyner.Core\Boyner.Core.csproj", "{6C16E5B5-D96C-4EB4-9C63-8886506AA58E}"
EndProject
Project("{9A19103F-16F7-4668-BE54-9A1E7A4F7556}") = "Boyner.Data", "Boyner.Data\Boyner.Data.csproj", "{3BD40A07-7587-45D7-AE38-84FCF9CE9B87}"
EndProject
Project("{9A19103F-16F7-4668-BE54-9A1E7A4F7556}") = "Boyner.RabbitMQ", "Boyner.RabbitMQ\Boyner.RabbitMQ.csproj", "{0D362235-C4C2-4129-B0A2-89280098A242}"
EndProject
Project("{9A19103F-16F7-4668-BE54-9A1E7A4F7556}") = "Boyner.ConfigurationUI", "Boyner.ConfigurationUI\Boyner.ConfigurationUI.csproj", "{822879B3-DC96-4739-9FE3-9FBD14DCD7C0}"
EndProject
Project("{9A19103F-16F7-4668-BE54-9A1E7A4F7556}") = "Boyner.ServiceA", "Boyner.ServiceA\Boyner.ServiceA.csproj", "{BD49FBBB-885D-441E-A91F-9A0F4A35A8D6}"
EndProject
Project("{9A19103F-16F7-4668-BE54-9A1E7A4F7556}") = "Boyner.ServiceB", "Boyner.ServiceB\Boyner.ServiceB.csproj", "{843D61BC-AB67-47E2-9663-12F0F895153C}"
EndProject
Project("{2150E333-8FDC-42A3-9474-1A3956D46DE8}") = "Libraries", "Libraries", "{F01944B4-F6E9-411D-B75B-F9C72C056762}"
EndProject
Project("{2150E333-8FDC-42A3-9474-1A3956D46DE8}") = "ConfigurationManagement", "ConfigurationManagement", "{2EBD798F-034E-4466-AF31-9C803E36E2CB}"
EndProject
Project("{2150E333-8FDC-42A3-9474-1A3956D46DE8}") = "Services", "Services", "{D2F060DE-21F9-4DE4-A000-D42919D8428A}"
EndProject
Project("{9A19103F-16F7-4668-BE54-9A1E7A4F7556}") = "Boyner.Service", "Boyner.Service\Boyner.Service.csproj", "{F83BCC2E-D444-4F0A-95AA-7CAA6772FB09}"
EndProject
Project("{2150E333-8FDC-42A3-9474-1A3956D46DE8}") = "Tests", "Tests", "{46CCF1AA-D9B6-4328-8696-ACBF010B1B66}"
EndProject
Project("{FAE04EC0-301F-11D3-BF4B-00C04F79EFBC}") = "Boyner.Domain.Test", "Boyner.Domain.Test\Boyner.Domain.Test.csproj", "{44FBD046-AD9B-4112-BE64-EE05E260DBA1}"
EndProject
Project("{FAE04EC0-301F-11D3-BF4B-00C04F79EFBC}") = "Boyner.Repository.Test", "Boyner.Repository.Test\Boyner.Repository.Test.csproj", "{C5C2EBAF-BC94-44C4-B0D8-03A38C74DC1D}"
EndProject
Project("{FAE04EC0-301F-11D3-BF4B-00C04F79EFBC}") = "Boyner.Service.Test", "Boyner.Service.Test\Boyner.Service.Test.csproj", "{7C477948-A98A-4DFA-9C37-FEB0608E277C}"
EndProject
Global
	GlobalSection(SolutionConfigurationPlatforms) = preSolution
		Debug|Any CPU = Debug|Any CPU
		Release|Any CPU = Release|Any CPU
	EndGlobalSection
	GlobalSection(ProjectConfigurationPlatforms) = postSolution
		{F7B2BC0F-BDE3-43E1-B89A-E91EC5C70E01}.Debug|Any CPU.ActiveCfg = Debug|Any CPU
		{F7B2BC0F-BDE3-43E1-B89A-E91EC5C70E01}.Debug|Any CPU.Build.0 = Debug|Any CPU
		{F7B2BC0F-BDE3-43E1-B89A-E91EC5C70E01}.Release|Any CPU.ActiveCfg = Release|Any CPU
		{F7B2BC0F-BDE3-43E1-B89A-E91EC5C70E01}.Release|Any CPU.Build.0 = Release|Any CPU
		{6C16E5B5-D96C-4EB4-9C63-8886506AA58E}.Debug|Any CPU.ActiveCfg = Debug|Any CPU
		{6C16E5B5-D96C-4EB4-9C63-8886506AA58E}.Debug|Any CPU.Build.0 = Debug|Any CPU
		{6C16E5B5-D96C-4EB4-9C63-8886506AA58E}.Release|Any CPU.ActiveCfg = Release|Any CPU
		{6C16E5B5-D96C-4EB4-9C63-8886506AA58E}.Release|Any CPU.Build.0 = Release|Any CPU
		{3BD40A07-7587-45D7-AE38-84FCF9CE9B87}.Debug|Any CPU.ActiveCfg = Debug|Any CPU
		{3BD40A07-7587-45D7-AE38-84FCF9CE9B87}.Debug|Any CPU.Build.0 = Debug|Any CPU
		{3BD40A07-7587-45D7-AE38-84FCF9CE9B87}.Release|Any CPU.ActiveCfg = Release|Any CPU
		{3BD40A07-7587-45D7-AE38-84FCF9CE9B87}.Release|Any CPU.Build.0 = Release|Any CPU
		{0D362235-C4C2-4129-B0A2-89280098A242}.Debug|Any CPU.ActiveCfg = Debug|Any CPU
		{0D362235-C4C2-4129-B0A2-89280098A242}.Debug|Any CPU.Build.0 = Debug|Any CPU
		{0D362235-C4C2-4129-B0A2-89280098A242}.Release|Any CPU.ActiveCfg = Release|Any CPU
		{0D362235-C4C2-4129-B0A2-89280098A242}.Release|Any CPU.Build.0 = Release|Any CPU
		{822879B3-DC96-4739-9FE3-9FBD14DCD7C0}.Debug|Any CPU.ActiveCfg = Debug|Any CPU
		{822879B3-DC96-4739-9FE3-9FBD14DCD7C0}.Debug|Any CPU.Build.0 = Debug|Any CPU
		{822879B3-DC96-4739-9FE3-9FBD14DCD7C0}.Release|Any CPU.ActiveCfg = Release|Any CPU
		{822879B3-DC96-4739-9FE3-9FBD14DCD7C0}.Release|Any CPU.Build.0 = Release|Any CPU
		{BD49FBBB-885D-441E-A91F-9A0F4A35A8D6}.Debug|Any CPU.ActiveCfg = Debug|Any CPU
		{BD49FBBB-885D-441E-A91F-9A0F4A35A8D6}.Debug|Any CPU.Build.0 = Debug|Any CPU
		{BD49FBBB-885D-441E-A91F-9A0F4A35A8D6}.Release|Any CPU.ActiveCfg = Release|Any CPU
		{BD49FBBB-885D-441E-A91F-9A0F4A35A8D6}.Release|Any CPU.Build.0 = Release|Any CPU
		{843D61BC-AB67-47E2-9663-12F0F895153C}.Debug|Any CPU.ActiveCfg = Debug|Any CPU
		{843D61BC-AB67-47E2-9663-12F0F895153C}.Debug|Any CPU.Build.0 = Debug|Any CPU
		{843D61BC-AB67-47E2-9663-12F0F895153C}.Release|Any CPU.ActiveCfg = Release|Any CPU
		{843D61BC-AB67-47E2-9663-12F0F895153C}.Release|Any CPU.Build.0 = Release|Any CPU
		{F83BCC2E-D444-4F0A-95AA-7CAA6772FB09}.Debug|Any CPU.ActiveCfg = Debug|Any CPU
		{F83BCC2E-D444-4F0A-95AA-7CAA6772FB09}.Debug|Any CPU.Build.0 = Debug|Any CPU
		{F83BCC2E-D444-4F0A-95AA-7CAA6772FB09}.Release|Any CPU.ActiveCfg = Release|Any CPU
		{F83BCC2E-D444-4F0A-95AA-7CAA6772FB09}.Release|Any CPU.Build.0 = Release|Any CPU
		{44FBD046-AD9B-4112-BE64-EE05E260DBA1}.Debug|Any CPU.ActiveCfg = Debug|Any CPU
		{44FBD046-AD9B-4112-BE64-EE05E260DBA1}.Debug|Any CPU.Build.0 = Debug|Any CPU
		{44FBD046-AD9B-4112-BE64-EE05E260DBA1}.Release|Any CPU.ActiveCfg = Release|Any CPU
		{44FBD046-AD9B-4112-BE64-EE05E260DBA1}.Release|Any CPU.Build.0 = Release|Any CPU
		{C5C2EBAF-BC94-44C4-B0D8-03A38C74DC1D}.Debug|Any CPU.ActiveCfg = Debug|Any CPU
		{C5C2EBAF-BC94-44C4-B0D8-03A38C74DC1D}.Debug|Any CPU.Build.0 = Debug|Any CPU
		{C5C2EBAF-BC94-44C4-B0D8-03A38C74DC1D}.Release|Any CPU.ActiveCfg = Release|Any CPU
		{C5C2EBAF-BC94-44C4-B0D8-03A38C74DC1D}.Release|Any CPU.Build.0 = Release|Any CPU
		{7C477948-A98A-4DFA-9C37-FEB0608E277C}.Debug|Any CPU.ActiveCfg = Debug|Any CPU
		{7C477948-A98A-4DFA-9C37-FEB0608E277C}.Debug|Any CPU.Build.0 = Debug|Any CPU
		{7C477948-A98A-4DFA-9C37-FEB0608E277C}.Release|Any CPU.ActiveCfg = Release|Any CPU
		{7C477948-A98A-4DFA-9C37-FEB0608E277C}.Release|Any CPU.Build.0 = Release|Any CPU
	EndGlobalSection
	GlobalSection(SolutionProperties) = preSolution
		HideSolutionNode = FALSE
	EndGlobalSection
	GlobalSection(NestedProjects) = preSolution
		{F7B2BC0F-BDE3-43E1-B89A-E91EC5C70E01} = {2EBD798F-034E-4466-AF31-9C803E36E2CB}
		{6C16E5B5-D96C-4EB4-9C63-8886506AA58E} = {F01944B4-F6E9-411D-B75B-F9C72C056762}
		{3BD40A07-7587-45D7-AE38-84FCF9CE9B87} = {F01944B4-F6E9-411D-B75B-F9C72C056762}
		{0D362235-C4C2-4129-B0A2-89280098A242} = {F01944B4-F6E9-411D-B75B-F9C72C056762}
		{822879B3-DC96-4739-9FE3-9FBD14DCD7C0} = {2EBD798F-034E-4466-AF31-9C803E36E2CB}
		{BD49FBBB-885D-441E-A91F-9A0F4A35A8D6} = {D2F060DE-21F9-4DE4-A000-D42919D8428A}
		{843D61BC-AB67-47E2-9663-12F0F895153C} = {D2F060DE-21F9-4DE4-A000-D42919D8428A}
		{F83BCC2E-D444-4F0A-95AA-7CAA6772FB09} = {F01944B4-F6E9-411D-B75B-F9C72C056762}
		{44FBD046-AD9B-4112-BE64-EE05E260DBA1} = {46CCF1AA-D9B6-4328-8696-ACBF010B1B66}
		{C5C2EBAF-BC94-44C4-B0D8-03A38C74DC1D} = {46CCF1AA-D9B6-4328-8696-ACBF010B1B66}
		{7C477948-A98A-4DFA-9C37-FEB0608E277C} = {46CCF1AA-D9B6-4328-8696-ACBF010B1B66}
	EndGlobalSection
	GlobalSection(ExtensibilityGlobals) = postSolution
		SolutionGuid = {4C9B7BD8-1B51-4CFC-9065-84F89204AE54}
	EndGlobalSection
EndGlobal
